PODS:
  - Divider (0.0.5):
    - Masonry (~> 1.1.0)
  - Masonry (1.1.0)

DEPENDENCIES:
  - Divider (from `../`)

SPEC REPOS:
  trunk:
    - Masonry

EXTERNAL SOURCES:
  Divider:
    :path: "../"

SPEC CHECKSUMS:
  Divider: b4c210452e0f3ab8625e52fe8e59f6216ad7ee6d
  Masonry: 678fab65091a9290e40e2832a55e7ab731aad201

PODFILE CHECKSUM: f888446315792b9e020377881b6c23de96c3e3ed

COCOAPODS: 1.9.2
