PODS:
  - Divider (0.0.1):
    - Masonry
  - Masonry (1.1.0)

DEPENDENCIES:
  - Divider (from `../`)

SPEC REPOS:
  trunk:
    - Masonry

EXTERNAL SOURCES:
  Divider:
    :path: "../"

SPEC CHECKSUMS:
  Divider: 089521655d43aa17578858163bd4bcf66a72a90b
  Masonry: 678fab65091a9290e40e2832a55e7ab731aad201

PODFILE CHECKSUM: f888446315792b9e020377881b6c23de96c3e3ed

COCOAPODS: 1.9.2
