PODS:
  - Divider (0.0.1):
    - Masonry
  - Masonry (1.1.0)

DEPENDENCIES:
  - Divider (from `../`)

SPEC REPOS:
  trunk:
    - Masonry

EXTERNAL SOURCES:
  Divider:
    :path: "../"

SPEC CHECKSUMS:
  Divider: b724506fcd0178a8c5427c2b1cdcb220b59c19f6
  Masonry: 678fab65091a9290e40e2832a55e7ab731aad201

PODFILE CHECKSUM: 8e5f153dd30e1c370130b196a862d280fc365f81

COCOAPODS: 1.9.2
